
Microsoft Visual Studio Solution File, Format Version 12.00
# Visual Studio Version 17
VisualStudioVersion = 17.2.32526.322
MinimumVisualStudioVersion = 10.0.40219.1
Project("{FAE04EC0-301F-11D3-BF4B-00C04F79EFBC}") = "Compresspdfghost", "Compresspdfghost.csproj", "{3C398AD0-D5F6-4137-B8E3-1903AEBD45CF}"
EndProject
Global
	GlobalSection(SolutionConfigurationPlatforms) = preSolution
		Debug|Any CPU = Debug|Any CPU
		Release|Any CPU = Release|Any CPU
	EndGlobalSection
	GlobalSection(ProjectConfigurationPlatforms) = postSolution
		{3C398AD0-D5F6-4137-B8E3-1903AEBD45CF}.Debug|Any CPU.ActiveCfg = Debug|Any CPU
		{3C398AD0-D5F6-4137-B8E3-1903AEBD45CF}.Debug|Any CPU.Build.0 = Debug|Any CPU
		{3C398AD0-D5F6-4137-B8E3-1903AEBD45CF}.Release|Any CPU.ActiveCfg = Release|Any CPU
		{3C398AD0-D5F6-4137-B8E3-1903AEBD45CF}.Release|Any CPU.Build.0 = Release|Any CPU
	EndGlobalSection
	GlobalSection(SolutionProperties) = preSolution
		HideSolutionNode = FALSE
	EndGlobalSection
	GlobalSection(ExtensibilityGlobals) = postSolution
		SolutionGuid = {60DCF28C-558A-4546-8007-47A87824DA98}
	EndGlobalSection
EndGlobal
